
Microsoft Visual Studio Solution File, Format Version 12.00
# Visual Studio Version 17
VisualStudioVersion = 17.0.31903.59
MinimumVisualStudioVersion = 10.0.40219.1
Project("{FAE04EC0-301F-11D3-BF4B-00C04F79EFBC}") = "StickyBoard.Api", "StickyBoard.Api.csproj", "{05315426-EC72-401E-BFB2-A468C00184E3}"
EndProject
Project("{FAE04EC0-301F-11D3-BF4B-00C04F79EFBC}") = "StickyBoard.Worker", "..\..\worker\StickyBoard.Worker\StickyBoard.Worker.csproj", "{7EBB7586-1E74-459A-AB02-4E013FD98408}"
EndProject
Project("{FAE04EC0-301F-11D3-BF4B-00C04F79EFBC}") = "StickyBoard.Core", "..\..\Core\StickyBoard.Core\StickyBoard.Core.csproj", "{58548F56-CDE3-49CC-BA97-3441F766F726}"
EndProject
Global
	GlobalSection(SolutionConfigurationPlatforms) = preSolution
		Debug|Any CPU = Debug|Any CPU
		Debug|x64 = Debug|x64
		Debug|x86 = Debug|x86
		Release|Any CPU = Release|Any CPU
		Release|x64 = Release|x64
		Release|x86 = Release|x86
	EndGlobalSection
	GlobalSection(ProjectConfigurationPlatforms) = postSolution
		{05315426-EC72-401E-BFB2-A468C00184E3}.Debug|Any CPU.ActiveCfg = Debug|Any CPU
		{05315426-EC72-401E-BFB2-A468C00184E3}.Debug|Any CPU.Build.0 = Debug|Any CPU
		{05315426-EC72-401E-BFB2-A468C00184E3}.Debug|x64.ActiveCfg = Debug|Any CPU
		{05315426-EC72-401E-BFB2-A468C00184E3}.Debug|x64.Build.0 = Debug|Any CPU
		{05315426-EC72-401E-BFB2-A468C00184E3}.Debug|x86.ActiveCfg = Debug|Any CPU
		{05315426-EC72-401E-BFB2-A468C00184E3}.Debug|x86.Build.0 = Debug|Any CPU
		{05315426-EC72-401E-BFB2-A468C00184E3}.Release|Any CPU.ActiveCfg = Release|Any CPU
		{05315426-EC72-401E-BFB2-A468C00184E3}.Release|Any CPU.Build.0 = Release|Any CPU
		{05315426-EC72-401E-BFB2-A468C00184E3}.Release|x64.ActiveCfg = Release|Any CPU
		{05315426-EC72-401E-BFB2-A468C00184E3}.Release|x64.Build.0 = Release|Any CPU
		{05315426-EC72-401E-BFB2-A468C00184E3}.Release|x86.ActiveCfg = Release|Any CPU
		{05315426-EC72-401E-BFB2-A468C00184E3}.Release|x86.Build.0 = Release|Any CPU
		{7EBB7586-1E74-459A-AB02-4E013FD98408}.Debug|Any CPU.ActiveCfg = Debug|Any CPU
		{7EBB7586-1E74-459A-AB02-4E013FD98408}.Debug|Any CPU.Build.0 = Debug|Any CPU
		{7EBB7586-1E74-459A-AB02-4E013FD98408}.Debug|x64.ActiveCfg = Debug|Any CPU
		{7EBB7586-1E74-459A-AB02-4E013FD98408}.Debug|x64.Build.0 = Debug|Any CPU
		{7EBB7586-1E74-459A-AB02-4E013FD98408}.Debug|x86.ActiveCfg = Debug|Any CPU
		{7EBB7586-1E74-459A-AB02-4E013FD98408}.Debug|x86.Build.0 = Debug|Any CPU
		{7EBB7586-1E74-459A-AB02-4E013FD98408}.Release|Any CPU.ActiveCfg = Release|Any CPU
		{7EBB7586-1E74-459A-AB02-4E013FD98408}.Release|Any CPU.Build.0 = Release|Any CPU
		{7EBB7586-1E74-459A-AB02-4E013FD98408}.Release|x64.ActiveCfg = Release|Any CPU
		{7EBB7586-1E74-459A-AB02-4E013FD98408}.Release|x64.Build.0 = Release|Any CPU
		{7EBB7586-1E74-459A-AB02-4E013FD98408}.Release|x86.ActiveCfg = Release|Any CPU
		{7EBB7586-1E74-459A-AB02-4E013FD98408}.Release|x86.Build.0 = Release|Any CPU
		{58548F56-CDE3-49CC-BA97-3441F766F726}.Debug|Any CPU.ActiveCfg = Debug|Any CPU
		{58548F56-CDE3-49CC-BA97-3441F766F726}.Debug|Any CPU.Build.0 = Debug|Any CPU
		{58548F56-CDE3-49CC-BA97-3441F766F726}.Debug|x64.ActiveCfg = Debug|Any CPU
		{58548F56-CDE3-49CC-BA97-3441F766F726}.Debug|x64.Build.0 = Debug|Any CPU
		{58548F56-CDE3-49CC-BA97-3441F766F726}.Debug|x86.ActiveCfg = Debug|Any CPU
		{58548F56-CDE3-49CC-BA97-3441F766F726}.Debug|x86.Build.0 = Debug|Any CPU
		{58548F56-CDE3-49CC-BA97-3441F766F726}.Release|Any CPU.ActiveCfg = Release|Any CPU
		{58548F56-CDE3-49CC-BA97-3441F766F726}.Release|Any CPU.Build.0 = Release|Any CPU
		{58548F56-CDE3-49CC-BA97-3441F766F726}.Release|x64.ActiveCfg = Release|Any CPU
		{58548F56-CDE3-49CC-BA97-3441F766F726}.Release|x64.Build.0 = Release|Any CPU
		{58548F56-CDE3-49CC-BA97-3441F766F726}.Release|x86.ActiveCfg = Release|Any CPU
		{58548F56-CDE3-49CC-BA97-3441F766F726}.Release|x86.Build.0 = Release|Any CPU
	EndGlobalSection
	GlobalSection(SolutionProperties) = preSolution
		HideSolutionNode = FALSE
	EndGlobalSection
EndGlobal
